lockfileVersion: 5.4

specifiers:
  prettier: ^2.7.1
  prettier-plugin-java: ^1.6.2

devDependencies:
  prettier: 2.7.1
  prettier-plugin-java: 1.6.2

packages:

  /chevrotain/6.5.0:
    resolution: {integrity: sha512-BwqQ/AgmKJ8jcMEjaSnfMybnKMgGTrtDKowfTP3pX4jwVy0kNjRsT/AP6h+wC3+3NC+X8X15VWBnTCQlX+wQFg==}
    dependencies:
      regexp-to-ast: 0.4.0
    dev: true

  /java-parser/2.0.2:
    resolution: {integrity: sha512-fwv1eDYE4OIAN+XS7cD8aB7UdQyAh3Uz36ydWqemvnDKXEdLbxq7qIbvsjpSvS1NHFR+r81N7AjGcpnamjVxJw==}
    dependencies:
      chevrotain: 6.5.0
      lodash: 4.17.21
    dev: true

  /lodash/4.17.21:
    resolution: {integrity: sha512-v2kDEe57lecTulaDIuNTPy3Ry4gLGJ6Z1O3vE1krgXZNrsQ+LFTGHVxVjcXPs17LhbZVGedAJv8XZ1tvj5FvSg==}
    dev: true

  /prettier-plugin-java/1.6.2:
    resolution: {integrity: sha512-oVIUOkx50eb9skdRtEIU7MJUsizQ1ZocgXR1w1o8AnieNGpuPI/2pWnpjtbBm9wUG1dHtBGU8cVIr8h+xgzQIg==}
    dependencies:
      java-parser: 2.0.2
      lodash: 4.17.21
      prettier: 2.3.1
    dev: true

  /prettier/2.3.1:
    resolution: {integrity: sha512-p+vNbgpLjif/+D+DwAZAbndtRrR0md0MwfmOVN9N+2RgyACMT+7tfaRnT+WDPkqnuVwleyuBIG2XBxKDme3hPA==}
    engines: {node: '>=10.13.0'}
    hasBin: true
    dev: true

  /prettier/2.7.1:
    resolution: {integrity: sha512-ujppO+MkdPqoVINuDFDRLClm7D78qbDt0/NR+wp5FqEZOoTNAjPHWj17QRhu7geIHJfcNhRk1XVQmF8Bp3ye+g==}
    engines: {node: '>=10.13.0'}
    hasBin: true
    dev: true

  /regexp-to-ast/0.4.0:
    resolution: {integrity: sha512-4qf/7IsIKfSNHQXSwial1IFmfM1Cc/whNBQqRwe0V2stPe7KmN1U0tWQiIx6JiirgSrisjE0eECdNf7Tav1Ntw==}
    dev: true
